
Microsoft Visual Studio Solution File, Format Version 12.00
Project("{FAE04EC0-301F-11D3-BF4B-00C04F79EFBC}") = "PygitalTool", "PygitalTool\PygitalTool.csproj", "{0F6654E5-DB1B-46A5-A978-6727E56AC833}"
EndProject
Project("{FAE04EC0-301F-11D3-BF4B-00C04F79EFBC}") = "PygitalToolWeb", "PygitalToolWeb\PygitalToolWeb.csproj", "{51443D62-30E7-40FB-89E8-FF1B52CC3B2C}"
EndProject
Global
	GlobalSection(SolutionConfigurationPlatforms) = preSolution
		Debug|Any CPU = Debug|Any CPU
		Release|Any CPU = Release|Any CPU
	EndGlobalSection
	GlobalSection(ProjectConfigurationPlatforms) = postSolution
		{0F6654E5-DB1B-46A5-A978-6727E56AC833}.Debug|Any CPU.ActiveCfg = Debug|Any CPU
		{0F6654E5-DB1B-46A5-A978-6727E56AC833}.Debug|Any CPU.Build.0 = Debug|Any CPU
		{0F6654E5-DB1B-46A5-A978-6727E56AC833}.Release|Any CPU.ActiveCfg = Release|Any CPU
		{0F6654E5-DB1B-46A5-A978-6727E56AC833}.Release|Any CPU.Build.0 = Release|Any CPU
		{51443D62-30E7-40FB-89E8-FF1B52CC3B2C}.Debug|Any CPU.ActiveCfg = Debug|Any CPU
		{51443D62-30E7-40FB-89E8-FF1B52CC3B2C}.Debug|Any CPU.Build.0 = Debug|Any CPU
		{51443D62-30E7-40FB-89E8-FF1B52CC3B2C}.Release|Any CPU.ActiveCfg = Release|Any CPU
		{51443D62-30E7-40FB-89E8-FF1B52CC3B2C}.Release|Any CPU.Build.0 = Release|Any CPU
	EndGlobalSection
EndGlobal
